{
  "name": "@ekx/ekx",
  "version": "0.1.0",
  "lockfileVersion": 2,
  "requires": true,
  "packages": {
    "": {
      "name": "@ekx/ekx",
      "version": "0.1.0",
      "hasInstallScript": true,
      "dependencies": {
        "@ekx/cairo": "0.0.2",
        "@ekx/dev-fonts": "0.0.1",
        "@ekx/freetype": "0.0.2",
        "@ekx/google-test": "0.0.2",
        "@ekx/imgui": "0.0.3",
        "@ekx/link-cmake-npm": "0.0.1",
        "@ekx/miniaudio": "0.0.1",
        "@ekx/miniz": "0.0.1",
        "@ekx/pugixml": "0.0.1",
        "@ekx/sokol": "0.0.1",
        "@ekx/stb": "0.0.1",
        "@ekx/tracy": "0.0.3"
      },
      "workspaces": {
        "packages": [],
        "__local_packages": [
          "../../npm-deps/packages/*"
        ]
      }
    },
    "node_modules/@ekx/cairo": {
      "version": "0.0.2",
      "license": "ISC"
    },
    "node_modules/@ekx/dev-fonts": {
      "version": "0.0.1",
      "license": "ISC"
    },
    "node_modules/@ekx/freetype": {
      "version": "0.0.2",
      "license": "ISC"
    },
    "node_modules/@ekx/google-test": {
      "version": "0.0.2",
      "license": "ISC"
    },
    "node_modules/@ekx/imgui": {
      "version": "0.0.3",
      "resolved": "https://registry.npmjs.org/@ekx/imgui/-/imgui-0.0.3.tgz",
      "integrity": "sha512-VyCiTR35By19n68QjM+AU7crLwYItwfvinXdFRKY3kxjIFVNQR98bctPEAgWzveWQlwJE9HPfnq1emuBfnQ29A==",
      "hasInstallScript": true,
      "dependencies": {
        "@ekx/freetype": "0.0.2",
        "@ekx/link-cmake-npm": "0.0.1",
        "@ekx/stb": "0.0.1"
      }
    },
    "node_modules/@ekx/link-cmake-npm": {
      "version": "0.0.1",
      "license": "ISC",
      "bin": {
        "link-cmake-npm": "link-cmake-npm.js"
      }
    },
    "node_modules/@ekx/miniaudio": {
      "version": "0.0.1",
      "license": "ISC"
    },
    "node_modules/@ekx/miniz": {
      "version": "0.0.1",
      "license": "ISC"
    },
    "node_modules/@ekx/pugixml": {
      "version": "0.0.1",
      "license": "ISC"
    },
    "node_modules/@ekx/sokol": {
      "version": "0.0.1",
      "license": "ISC"
    },
    "node_modules/@ekx/stb": {
      "version": "0.0.1",
      "license": "ISC"
    },
    "node_modules/@ekx/tracy": {
      "version": "0.0.3",
      "license": "ISC"
    }
  },
  "dependencies": {
    "@ekx/cairo": {
      "version": "0.0.2"
    },
    "@ekx/dev-fonts": {
      "version": "0.0.1"
    },
    "@ekx/freetype": {
      "version": "0.0.2"
    },
    "@ekx/google-test": {
      "version": "0.0.2"
    },
    "@ekx/imgui": {
      "version": "0.0.3",
      "resolved": "https://registry.npmjs.org/@ekx/imgui/-/imgui-0.0.3.tgz",
      "integrity": "sha512-VyCiTR35By19n68QjM+AU7crLwYItwfvinXdFRKY3kxjIFVNQR98bctPEAgWzveWQlwJE9HPfnq1emuBfnQ29A==",
      "requires": {
        "@ekx/freetype": "0.0.2",
        "@ekx/link-cmake-npm": "0.0.1",
        "@ekx/stb": "0.0.1"
      }
    },
    "@ekx/link-cmake-npm": {
      "version": "0.0.1"
    },
    "@ekx/miniaudio": {
      "version": "0.0.1"
    },
    "@ekx/miniz": {
      "version": "0.0.1"
    },
    "@ekx/pugixml": {
      "version": "0.0.1"
    },
    "@ekx/sokol": {
      "version": "0.0.1"
    },
    "@ekx/stb": {
      "version": "0.0.1"
    },
    "@ekx/tracy": {
      "version": "0.0.3"
    }
  }
}
