{
  "name": "@ekx/ekx",
  "version": "0.1.0",
  "lockfileVersion": 2,
  "requires": true,
  "packages": {
    "": {
      "name": "@ekx/ekx",
      "version": "0.1.0",
      "hasInstallScript": true,
      "dependencies": {
        "@ekx/cairo": "0.0.3",
        "@ekx/dev-fonts": "0.0.2",
        "@ekx/freetype": "0.0.3",
        "@ekx/google-test": "0.0.3",
        "@ekx/imgui": "0.0.4",
        "@ekx/miniaudio": "0.0.2",
        "@ekx/miniz": "0.0.2",
        "@ekx/npm-cmake": "0.0.2",
        "@ekx/pugixml": "0.0.2",
        "@ekx/sokol": "0.0.2",
        "@ekx/stb": "0.0.2",
        "@ekx/tracy": "0.0.4"
      },
      "workspaces": {
        "packages": [],
        "__local_packages": [
          "../../npm-deps/packages/*"
        ]
      }
    },
    "node_modules/@ekx/cairo": {
      "version": "0.0.3",
      "resolved": "https://registry.npmjs.org/@ekx/cairo/-/cairo-0.0.3.tgz",
      "integrity": "sha512-Q8lVhMu34jZ6fCz22f6tJGJLr8I/mhIdtT1lLAM3Q5KRhnyXnfMQbEVHY2PA1wZgjddPpl5t1pcxHjmEwQg5tQ=="
    },
    "node_modules/@ekx/dev-fonts": {
      "version": "0.0.2",
      "resolved": "https://registry.npmjs.org/@ekx/dev-fonts/-/dev-fonts-0.0.2.tgz",
      "integrity": "sha512-HRezqEhQdUDteTgHMTen1JwmTyvebLOwgQH2mXHJApqvmsFroSwrKH5XURZ7Ggi0pFoyM+S7OZshtrL7ziiPoA=="
    },
    "node_modules/@ekx/freetype": {
      "version": "0.0.3",
      "resolved": "https://registry.npmjs.org/@ekx/freetype/-/freetype-0.0.3.tgz",
      "integrity": "sha512-sw8e5gZ+dh4EVgXKKpG8B1Q6au8D8bvvUN90r7uxW1RwalQ9lhKNM80zvfi8dnOj4gO6xH+oKP23rIJFb8PrFA=="
    },
    "node_modules/@ekx/google-test": {
      "version": "0.0.3",
      "resolved": "https://registry.npmjs.org/@ekx/google-test/-/google-test-0.0.3.tgz",
      "integrity": "sha512-FWL2uGhfoXbdloG7epAp2/9a7G8Riw/CV8VoIdtrx1RCChd4udliexwNTUtjPJT+0BO6wG2IDf0+yZdMrjhsKw=="
    },
    "node_modules/@ekx/imgui": {
      "version": "0.0.4",
      "resolved": "https://registry.npmjs.org/@ekx/imgui/-/imgui-0.0.4.tgz",
      "integrity": "sha512-HF40ooaatX6Fgp+32QU8sEgknuQWf35GFrUD+KulkYXS9O6e+lesnwJCklxnJQvfbbWg1pqhEsjddG8YPXMMtw==",
      "hasInstallScript": true,
      "dependencies": {
        "@ekx/freetype": "0.0.3",
        "@ekx/npm-cmake": "0.0.2",
        "@ekx/stb": "0.0.2"
      }
    },
    "node_modules/@ekx/miniaudio": {
      "version": "0.0.2",
      "resolved": "https://registry.npmjs.org/@ekx/miniaudio/-/miniaudio-0.0.2.tgz",
      "integrity": "sha512-pj9Z6oyfvpxqaGF84TzG+NLoXW5V4l4ghS0piAW5noXOn5/fNZpK42Gyc4OuUAPXqL60e5ycvwniUqSy5pXs+g=="
    },
    "node_modules/@ekx/miniz": {
      "version": "0.0.2",
      "resolved": "https://registry.npmjs.org/@ekx/miniz/-/miniz-0.0.2.tgz",
      "integrity": "sha512-2cc33lJgAt5Uzxop85c4NgST+w2AIo1EWO6KZXUM0ByVTaLIcpaNaB8WXsNVzP9Kl8QiR6SYwLcK05e8G912gA=="
    },
    "node_modules/@ekx/npm-cmake": {
      "version": "0.0.2",
      "resolved": "https://registry.npmjs.org/@ekx/npm-cmake/-/npm-cmake-0.0.2.tgz",
      "integrity": "sha512-vJpg9S0gQOZ6ftL/TaE6BRZXLn35sXuXZXfXM6LTYlTRbfNfB9EXMwnb8zWnbYv4/gl/rrnFRykd5ozzYyOizA==",
      "bin": {
        "npm-cmake": "npm-cmake.js"
      }
    },
    "node_modules/@ekx/pugixml": {
      "version": "0.0.2",
      "resolved": "https://registry.npmjs.org/@ekx/pugixml/-/pugixml-0.0.2.tgz",
      "integrity": "sha512-cVy9ds2JjUYo5abMolQ2qqwzKG+TTnvDD+mSX3+kHyaTXVgoV2txq4ivgP2WUNqewIJJFj8yu6W3sjWdU8F2hw=="
    },
    "node_modules/@ekx/sokol": {
      "version": "0.0.2",
      "resolved": "https://registry.npmjs.org/@ekx/sokol/-/sokol-0.0.2.tgz",
      "integrity": "sha512-LgusG/2TS1y0vGhKStF2mDyPDckoTy9Ex+2OFHLF3/o0m3N2m2unc3Z+cM6hiIneHKKLp8xgvIcnX+LolA17kQ=="
    },
    "node_modules/@ekx/stb": {
      "version": "0.0.2",
      "resolved": "https://registry.npmjs.org/@ekx/stb/-/stb-0.0.2.tgz",
      "integrity": "sha512-qzJJ9W5Zh3orK/IuYIOiwI0yENf6cgytqtlXfrX191mY14LQubRZ2uZre4tUh3DvOFvZ8hPe/fqw0nQpGdO40A=="
    },
    "node_modules/@ekx/tracy": {
      "version": "0.0.4",
      "resolved": "https://registry.npmjs.org/@ekx/tracy/-/tracy-0.0.4.tgz",
      "integrity": "sha512-RyN9JxuhP1myzewhsoDRoe1AY4zwRQHvM6gt6II9gtboD1RopzERIrywnuok3mGlIHkJPwsHBR1wq31i4dpOYQ=="
    }
  },
  "dependencies": {
    "@ekx/cairo": {
      "version": "0.0.3",
      "resolved": "https://registry.npmjs.org/@ekx/cairo/-/cairo-0.0.3.tgz",
      "integrity": "sha512-Q8lVhMu34jZ6fCz22f6tJGJLr8I/mhIdtT1lLAM3Q5KRhnyXnfMQbEVHY2PA1wZgjddPpl5t1pcxHjmEwQg5tQ=="
    },
    "@ekx/dev-fonts": {
      "version": "0.0.2",
      "resolved": "https://registry.npmjs.org/@ekx/dev-fonts/-/dev-fonts-0.0.2.tgz",
      "integrity": "sha512-HRezqEhQdUDteTgHMTen1JwmTyvebLOwgQH2mXHJApqvmsFroSwrKH5XURZ7Ggi0pFoyM+S7OZshtrL7ziiPoA=="
    },
    "@ekx/freetype": {
      "version": "0.0.3",
      "resolved": "https://registry.npmjs.org/@ekx/freetype/-/freetype-0.0.3.tgz",
      "integrity": "sha512-sw8e5gZ+dh4EVgXKKpG8B1Q6au8D8bvvUN90r7uxW1RwalQ9lhKNM80zvfi8dnOj4gO6xH+oKP23rIJFb8PrFA=="
    },
    "@ekx/google-test": {
      "version": "0.0.3",
      "resolved": "https://registry.npmjs.org/@ekx/google-test/-/google-test-0.0.3.tgz",
      "integrity": "sha512-FWL2uGhfoXbdloG7epAp2/9a7G8Riw/CV8VoIdtrx1RCChd4udliexwNTUtjPJT+0BO6wG2IDf0+yZdMrjhsKw=="
    },
    "@ekx/imgui": {
      "version": "0.0.4",
      "resolved": "https://registry.npmjs.org/@ekx/imgui/-/imgui-0.0.4.tgz",
      "integrity": "sha512-HF40ooaatX6Fgp+32QU8sEgknuQWf35GFrUD+KulkYXS9O6e+lesnwJCklxnJQvfbbWg1pqhEsjddG8YPXMMtw==",
      "requires": {
        "@ekx/freetype": "0.0.3",
        "@ekx/npm-cmake": "0.0.2",
        "@ekx/stb": "0.0.2"
      }
    },
    "@ekx/miniaudio": {
      "version": "0.0.2",
      "resolved": "https://registry.npmjs.org/@ekx/miniaudio/-/miniaudio-0.0.2.tgz",
      "integrity": "sha512-pj9Z6oyfvpxqaGF84TzG+NLoXW5V4l4ghS0piAW5noXOn5/fNZpK42Gyc4OuUAPXqL60e5ycvwniUqSy5pXs+g=="
    },
    "@ekx/miniz": {
      "version": "0.0.2",
      "resolved": "https://registry.npmjs.org/@ekx/miniz/-/miniz-0.0.2.tgz",
      "integrity": "sha512-2cc33lJgAt5Uzxop85c4NgST+w2AIo1EWO6KZXUM0ByVTaLIcpaNaB8WXsNVzP9Kl8QiR6SYwLcK05e8G912gA=="
    },
    "@ekx/npm-cmake": {
      "version": "0.0.2",
      "resolved": "https://registry.npmjs.org/@ekx/npm-cmake/-/npm-cmake-0.0.2.tgz",
      "integrity": "sha512-vJpg9S0gQOZ6ftL/TaE6BRZXLn35sXuXZXfXM6LTYlTRbfNfB9EXMwnb8zWnbYv4/gl/rrnFRykd5ozzYyOizA=="
    },
    "@ekx/pugixml": {
      "version": "0.0.2",
      "resolved": "https://registry.npmjs.org/@ekx/pugixml/-/pugixml-0.0.2.tgz",
      "integrity": "sha512-cVy9ds2JjUYo5abMolQ2qqwzKG+TTnvDD+mSX3+kHyaTXVgoV2txq4ivgP2WUNqewIJJFj8yu6W3sjWdU8F2hw=="
    },
    "@ekx/sokol": {
      "version": "0.0.2",
      "resolved": "https://registry.npmjs.org/@ekx/sokol/-/sokol-0.0.2.tgz",
      "integrity": "sha512-LgusG/2TS1y0vGhKStF2mDyPDckoTy9Ex+2OFHLF3/o0m3N2m2unc3Z+cM6hiIneHKKLp8xgvIcnX+LolA17kQ=="
    },
    "@ekx/stb": {
      "version": "0.0.2",
      "resolved": "https://registry.npmjs.org/@ekx/stb/-/stb-0.0.2.tgz",
      "integrity": "sha512-qzJJ9W5Zh3orK/IuYIOiwI0yENf6cgytqtlXfrX191mY14LQubRZ2uZre4tUh3DvOFvZ8hPe/fqw0nQpGdO40A=="
    },
    "@ekx/tracy": {
      "version": "0.0.4",
      "resolved": "https://registry.npmjs.org/@ekx/tracy/-/tracy-0.0.4.tgz",
      "integrity": "sha512-RyN9JxuhP1myzewhsoDRoe1AY4zwRQHvM6gt6II9gtboD1RopzERIrywnuok3mGlIHkJPwsHBR1wq31i4dpOYQ=="
    }
  }
}
