# THIS IS AN AUTOGENERATED FILE. DO NOT EDIT THIS FILE DIRECTLY.
# yarn lockfile v1


"@cspotcode/source-map-support@^0.8.0":
  version "0.8.1"
  resolved "https://registry.yarnpkg.com/@cspotcode/source-map-support/-/source-map-support-0.8.1.tgz#00629c35a688e05a88b1cda684fb9d5e73f000a1"
  integrity sha512-IchNf6dN4tHoMFIn/7OE8LWZ19Y6q/67Bmf6vnGREv8RSbBVb9LPJxEcnwrcwX6ixSvaiGoomAUvu4YSxXrVgw==
  dependencies:
    "@jridgewell/trace-mapping" "0.3.9"

"@esbuild/android-arm@0.15.12":
  version "0.15.12"
  resolved "https://registry.yarnpkg.com/@esbuild/android-arm/-/android-arm-0.15.12.tgz#e548b10a5e55b9e10537a049ebf0bc72c453b769"
  integrity sha512-IC7TqIqiyE0MmvAhWkl/8AEzpOtbhRNDo7aph47We1NbE5w2bt/Q+giAhe0YYeVpYnIhGMcuZY92qDK6dQauvA==

"@esbuild/linux-loong64@0.15.12":
  version "0.15.12"
  resolved "https://registry.yarnpkg.com/@esbuild/linux-loong64/-/linux-loong64-0.15.12.tgz#475b33a2631a3d8ca8aa95ee127f9a61d95bf9c1"
  integrity sha512-tZEowDjvU7O7I04GYvWQOS4yyP9E/7YlsB0jjw1Ycukgr2ycEzKyIk5tms5WnLBymaewc6VmRKnn5IJWgK4eFw==

"@jridgewell/resolve-uri@^3.0.3":
  version "3.1.0"
  resolved "https://registry.yarnpkg.com/@jridgewell/resolve-uri/-/resolve-uri-3.1.0.tgz#2203b118c157721addfe69d47b70465463066d78"
  integrity sha512-F2msla3tad+Mfht5cJq7LSXcdudKTWCVYUgw6pLFOOHSTtZlj6SWNYAp+AhuqLmWdBO2X5hPrLcu8cVP8fy28w==

"@jridgewell/sourcemap-codec@^1.4.10":
  version "1.4.14"
  resolved "https://registry.yarnpkg.com/@jridgewell/sourcemap-codec/-/sourcemap-codec-1.4.14.tgz#add4c98d341472a289190b424efbdb096991bb24"
  integrity sha512-XPSJHWmi394fuUuzDnGz1wiKqWfo1yXecHQMRf2l6hztTO+nPru658AyDngaBe7isIxEkRsPR3FZh+s7iVa4Uw==

"@jridgewell/trace-mapping@0.3.9":
  version "0.3.9"
  resolved "https://registry.yarnpkg.com/@jridgewell/trace-mapping/-/trace-mapping-0.3.9.tgz#6534fd5933a53ba7cbf3a17615e273a0d1273ff9"
  integrity sha512-3Belt6tdc8bPgAtbcmdtNJlirVoTmEb5e2gC94PnkwEW9jI6CAHUeoG85tjWP5WquqfavoMtMwiG4P926ZKKuQ==
  dependencies:
    "@jridgewell/resolve-uri" "^3.0.3"
    "@jridgewell/sourcemap-codec" "^1.4.10"

"@swc/core-android-arm-eabi@1.3.11":
  version "1.3.11"
  resolved "https://registry.yarnpkg.com/@swc/core-android-arm-eabi/-/core-android-arm-eabi-1.3.11.tgz#a0a3f0231922f5e6c1cc7248dd38b379e8074d7d"
  integrity sha512-LC9JlMcdFmTU94KKmQkJKaPSeVmYTfVm2rKGESMiFrgIjopXL/Zeg+XHA97ucnh5iUMkWIpXAMzSOaVRs33K5g==
  dependencies:
    "@swc/wasm" "1.2.122"

"@swc/core-android-arm64@1.3.11":
  version "1.3.11"
  resolved "https://registry.yarnpkg.com/@swc/core-android-arm64/-/core-android-arm64-1.3.11.tgz#d6301ff9875f96586685f0daa14b9cedebfbd486"
  integrity sha512-M7FamR3kFpVTyTw73FzKcOZmS7/TWHX75eqtwBTaU9fW4shf0KTLr/h9DnMxNKAnwUMeub/lqlINUe5EKFIKwQ==
  dependencies:
    "@swc/wasm" "1.2.130"

"@swc/core-darwin-arm64@1.3.11":
  version "1.3.11"
  resolved "https://registry.yarnpkg.com/@swc/core-darwin-arm64/-/core-darwin-arm64-1.3.11.tgz#fcedec7ba90be97059aa0ebd6e587fe33a4092f4"
  integrity sha512-LOoiw3uQDuoKBLW3Mn8p6wIccpYjAoDI3ROdto4MksLQSraHMufXY8bqqncfVuy1750XZmC1qnU39RC3yihPfA==

"@swc/core-darwin-x64@1.3.11":
  version "1.3.11"
  resolved "https://registry.yarnpkg.com/@swc/core-darwin-x64/-/core-darwin-x64-1.3.11.tgz#bc8421f256e05a40d0a859fbc67c07b35443e118"
  integrity sha512-ycjrEbWmpU8MTDdVLdf76ClxQCSTfNqSoP59hieLzhmXpXUa7Oy4sN/v6WSQgp4I1euGs1Wp5kPU5hH5f7XBJQ==

"@swc/core-freebsd-x64@1.3.11":
  version "1.3.11"
  resolved "https://registry.yarnpkg.com/@swc/core-freebsd-x64/-/core-freebsd-x64-1.3.11.tgz#6b8badd7a927542f8b5094db51384aa074f4a1ac"
  integrity sha512-02uqYktPp6WmZfZ2Crc/yIVOcgANtjo8ciHcT7yLHvz7v+S7gx1I2tyNGUFtTX5hcR2IFNGrL8Yj4DvpTABFHg==
  dependencies:
    "@swc/wasm" "1.2.130"

"@swc/core-linux-arm-gnueabihf@1.3.11":
  version "1.3.11"
  resolved "https://registry.yarnpkg.com/@swc/core-linux-arm-gnueabihf/-/core-linux-arm-gnueabihf-1.3.11.tgz#da8d017ba1f1872a4bcfa6d95df581b56da5e05c"
  integrity sha512-nZ2T/gPFncsIiFGhVeVY9vRCTX0hTdqso8OEvFhSwRfRvcEYOpb/rhMG09are7YoB44GMiku5tSzEiNmvT3GuQ==
  dependencies:
    "@swc/wasm" "1.2.130"

"@swc/core-linux-arm64-gnu@1.3.11":
  version "1.3.11"
  resolved "https://registry.yarnpkg.com/@swc/core-linux-arm64-gnu/-/core-linux-arm64-gnu-1.3.11.tgz#8c190f9f04f2e1a87911b364aef77092a7f13221"
  integrity sha512-EWEd8NnGwhykEDFIet/r4Fcfr6805ecnBniHZWmG8UVYUp5tz7LYEMZesxCxa0+aGVpCmxHL5/Cdk1uEIrVIzg==

"@swc/core-linux-arm64-musl@1.3.11":
  version "1.3.11"
  resolved "https://registry.yarnpkg.com/@swc/core-linux-arm64-musl/-/core-linux-arm64-musl-1.3.11.tgz#1391125a8bccb30d6b7088830b562fb7ebf5057b"
  integrity sha512-ms7CLj2+8sfTM2QnnwqDheYRky9rgPpX2hXmc0KltX+AiSAs7WURjn2JwXWkaICDzXL+djennfswxSspJ53knw==

"@swc/core-linux-x64-gnu@1.3.11":
  version "1.3.11"
  resolved "https://registry.yarnpkg.com/@swc/core-linux-x64-gnu/-/core-linux-x64-gnu-1.3.11.tgz#37583244495d1e01d43d58cbd5282f3424e51bce"
  integrity sha512-Fq5/QEY0IbzpIrqlvQT59aMf+nLk//esL3Aj4nvZdsvF4iZaD2oHtXW+/MBi0i1HV9OBWApGZMygYNVS0uVZkQ==

"@swc/core-linux-x64-musl@1.3.11":
  version "1.3.11"
  resolved "https://registry.yarnpkg.com/@swc/core-linux-x64-musl/-/core-linux-x64-musl-1.3.11.tgz#2ff2f34abd1717ce9ad5c718f106f71dca0aa3a8"
  integrity sha512-S/KoEgRHwGhs7VunHiz4jLrnFOJvqZe391j2MiYN1p2EThoGI3rvwcUoHkoxLCXVuDbi4E91qodOheaMGetWNA==

"@swc/core-win32-arm64-msvc@1.3.11":
  version "1.3.11"
  resolved "https://registry.yarnpkg.com/@swc/core-win32-arm64-msvc/-/core-win32-arm64-msvc-1.3.11.tgz#496c881be09eda3cf87b1cc375449432e06531f0"
  integrity sha512-fFby7KOQIxolR6w4Gie8MSkgQ3ee6j3r7A6PX4ekzu+509QsZogLPZnWFTJ8WFo7ui0tx/ocA5X8BV4ZNBVlKQ==
  dependencies:
    "@swc/wasm" "1.2.130"

"@swc/core-win32-ia32-msvc@1.3.11":
  version "1.3.11"
  resolved "https://registry.yarnpkg.com/@swc/core-win32-ia32-msvc/-/core-win32-ia32-msvc-1.3.11.tgz#99e3a8d3d73f6df7f781e87a0b9589ea343be383"
  integrity sha512-fii7Y33S9Z5oZ/BTsXa8Ou/RZ4T/ZsAOFpG7mMvifpdAP6LVWdhLoNy7SeeEHTEAWGcWNA/FslA6p2WETvEEfA==
  dependencies:
    "@swc/wasm" "1.2.130"

"@swc/core-win32-x64-msvc@1.3.11":
  version "1.3.11"
  resolved "https://registry.yarnpkg.com/@swc/core-win32-x64-msvc/-/core-win32-x64-msvc-1.3.11.tgz#c2764abec1ddeebda52bc86a951596fb12518db9"
  integrity sha512-cDF4qBQLf3U0KypnLn3T1HtE12QmEplPGjWs2Xd/hzVkjsPixVR8XIgLlczsj7Pk7Of7VDnUDLIl52aIdgTm8w==

"@swc/core@^1.3.11":
  version "1.3.11"
  resolved "https://registry.yarnpkg.com/@swc/core/-/core-1.3.11.tgz#6525610caa101cc966f6cc047250d704243e37b0"
  integrity sha512-lnCnnnNCsnbrhW/gwkoN0sAeIqOyoHLS4ZB20xmPJjKVfvTnJrAcNnLSiwlYdcoUSFqT2GYZjUAG6usEzRQASA==
  optionalDependencies:
    "@swc/core-android-arm-eabi" "1.3.11"
    "@swc/core-android-arm64" "1.3.11"
    "@swc/core-darwin-arm64" "1.3.11"
    "@swc/core-darwin-x64" "1.3.11"
    "@swc/core-freebsd-x64" "1.3.11"
    "@swc/core-linux-arm-gnueabihf" "1.3.11"
    "@swc/core-linux-arm64-gnu" "1.3.11"
    "@swc/core-linux-arm64-musl" "1.3.11"
    "@swc/core-linux-x64-gnu" "1.3.11"
    "@swc/core-linux-x64-musl" "1.3.11"
    "@swc/core-win32-arm64-msvc" "1.3.11"
    "@swc/core-win32-ia32-msvc" "1.3.11"
    "@swc/core-win32-x64-msvc" "1.3.11"

"@swc/wasm@1.2.122":
  version "1.2.122"
  resolved "https://registry.yarnpkg.com/@swc/wasm/-/wasm-1.2.122.tgz#87a5e654b26a71b2e84b801f41e45f823b856639"
  integrity sha512-sM1VCWQxmNhFtdxME+8UXNyPNhxNu7zdb6ikWpz0YKAQQFRGT5ThZgJrubEpah335SUToNg8pkdDF7ibVCjxbQ==

"@swc/wasm@1.2.130":
  version "1.2.130"
  resolved "https://registry.yarnpkg.com/@swc/wasm/-/wasm-1.2.130.tgz#88ac26433335d1f957162a9a92f1450b73c176a0"
  integrity sha512-rNcJsBxS70+pv8YUWwf5fRlWX6JoY/HJc25HD/F8m6Kv7XhJdqPPMhyX6TKkUBPAG7TWlZYoxa+rHAjPy4Cj3Q==

"@tsconfig/node10@^1.0.7":
  version "1.0.9"
  resolved "https://registry.yarnpkg.com/@tsconfig/node10/-/node10-1.0.9.tgz#df4907fc07a886922637b15e02d4cebc4c0021b2"
  integrity sha512-jNsYVVxU8v5g43Erja32laIDHXeoNvFEpX33OK4d6hljo3jDhCBDhx5dhCCTMWUojscpAagGiRkBKxpdl9fxqA==

"@tsconfig/node12@^1.0.7":
  version "1.0.11"
  resolved "https://registry.yarnpkg.com/@tsconfig/node12/-/node12-1.0.11.tgz#ee3def1f27d9ed66dac6e46a295cffb0152e058d"
  integrity sha512-cqefuRsh12pWyGsIoBKJA9luFu3mRxCA+ORZvA4ktLSzIuCUtWVxGIuXigEwO5/ywWFMZ2QEGKWvkZG1zDMTag==

"@tsconfig/node14@^1.0.0":
  version "1.0.3"
  resolved "https://registry.yarnpkg.com/@tsconfig/node14/-/node14-1.0.3.tgz#e4386316284f00b98435bf40f72f75a09dabf6c1"
  integrity sha512-ysT8mhdixWK6Hw3i1V2AeRqZ5WfXg1G43mqoYlM2nc6388Fq5jcXyr5mRsqViLx/GJYdoL0bfXD8nmF+Zn/Iow==

"@tsconfig/node16@^1.0.2":
  version "1.0.3"
  resolved "https://registry.yarnpkg.com/@tsconfig/node16/-/node16-1.0.3.tgz#472eaab5f15c1ffdd7f8628bd4c4f753995ec79e"
  integrity sha512-yOlFc+7UtL/89t2ZhjPvvB/DeAr3r+Dq58IgzsFkOAvVC6NMJXmCGjbptdXdR9qsX7pKcTL+s87FtYREi2dEEQ==

"@types/glob@^8.0.0":
  version "8.0.0"
  resolved "https://registry.yarnpkg.com/@types/glob/-/glob-8.0.0.tgz#321607e9cbaec54f687a0792b2d1d370739455d2"
  integrity sha512-l6NQsDDyQUVeoTynNpC9uRvCUint/gSUXQA2euwmTuWGvPY5LSDUu6tkCtJB2SvGQlJQzLaKqcGZP4//7EDveA==
  dependencies:
    "@types/minimatch" "*"
    "@types/node" "*"

"@types/minimatch@*":
  version "5.1.2"
  resolved "https://registry.yarnpkg.com/@types/minimatch/-/minimatch-5.1.2.tgz#07508b45797cb81ec3f273011b054cd0755eddca"
  integrity sha512-K0VQKziLUWkVKiRVrx4a40iPaxTUefQmjtkQofBkYRcoaaL/8rhwDWww9qWbrgicNOgnpIsMxyNIUM4+n6dUIA==

"@types/mustache@^4.2.1":
  version "4.2.1"
  resolved "https://registry.yarnpkg.com/@types/mustache/-/mustache-4.2.1.tgz#724a2fca5763117dee626aa4ca3e3f6e546e7434"
  integrity sha512-gFAlWL9Ik21nJioqjlGCnNYbf9zHi0sVbaZ/1hQEBcCEuxfLJDvz4bVJSV6v6CUaoLOz0XEIoP7mSrhJ6o237w==

"@types/node@*", "@types/node@^18.11.7":
  version "18.11.7"
  resolved "https://registry.yarnpkg.com/@types/node/-/node-18.11.7.tgz#8ccef136f240770c1379d50100796a6952f01f94"
  integrity sha512-LhFTglglr63mNXUSRYD8A+ZAIu5sFqNJ4Y2fPuY7UlrySJH87rRRlhtVmMHplmfk5WkoJGmDjE9oiTfyX94CpQ==

"@types/plist@^3.0.2":
  version "3.0.2"
  resolved "https://registry.yarnpkg.com/@types/plist/-/plist-3.0.2.tgz#61b3727bba0f5c462fe333542534a0c3e19ccb01"
  integrity sha512-ULqvZNGMv0zRFvqn8/4LSPtnmN4MfhlPNtJCTpKuIIxGVGZ2rYWzFXrvEBoh9CVyqSE7D6YFRJ1hydLHI6kbWw==
  dependencies:
    "@types/node" "*"
    xmlbuilder ">=11.0.1"

"@types/xmldoc@^1.1.6":
  version "1.1.6"
  resolved "https://registry.yarnpkg.com/@types/xmldoc/-/xmldoc-1.1.6.tgz#8fe6e25dd92ffde0b4d0dce6323b7bf564c8c520"
  integrity sha512-3qhte5iT9zpj3YtvxRhE74C+1qnRTjR+JZ26TdXuEXkagdFCBSlDm49+e7gMhvJwEqL53ReCiW/yg5JKaCzDlQ==

acorn-walk@^8.1.1:
  version "8.2.0"
  resolved "https://registry.yarnpkg.com/acorn-walk/-/acorn-walk-8.2.0.tgz#741210f2e2426454508853a2f44d0ab83b7f69c1"
  integrity sha512-k+iyHEuPgSw6SbuDpGQM+06HQUa04DZ3o+F6CSzXMvvI5KMvnaEqXe+YVe555R9nn6GPt404fos4wcgpw12SDA==

acorn@^8.4.1:
  version "8.8.1"
  resolved "https://registry.yarnpkg.com/acorn/-/acorn-8.8.1.tgz#0a3f9cbecc4ec3bea6f0a80b66ae8dd2da250b73"
  integrity sha512-7zFpHzhnqYKrkYdUjF1HI1bzd0VygEGX8lFk4k5zVMqHEoES+P+7TKI+EvLO9WVMJ8eekdO0aDEK044xTXwPPA==

arg@^4.1.0:
  version "4.1.3"
  resolved "https://registry.yarnpkg.com/arg/-/arg-4.1.3.tgz#269fc7ad5b8e42cb63c896d5666017261c144089"
  integrity sha512-58S9QDqG0Xx27YwPSt9fJxivjYl432YCwfDMfZ+71RAqUrZef7LrKQZ3LHLOwCS4FLNBplP533Zx895SeOCHvA==

balanced-match@^1.0.0:
  version "1.0.2"
  resolved "https://registry.yarnpkg.com/balanced-match/-/balanced-match-1.0.2.tgz#e83e3a7e3f300b34cb9d87f615fa0cbf357690ee"
  integrity sha512-3oSeUO0TMV67hN1AmbXsK4yaqU7tjiHlbxRDZOpH0KW9+CeX4bRAaX0Anxt0tx2MrpRpWwQaPwIlISEJhYU5Pw==

base64-js@^1.5.1:
  version "1.5.1"
  resolved "https://registry.yarnpkg.com/base64-js/-/base64-js-1.5.1.tgz#1b1b440160a5bf7ad40b650f095963481903930a"
  integrity sha512-AKpaYlHn8t4SVbOHCy+b5+KKgvR4vrsD8vbvrbiQJps7fKDTkjkDry6ji0rUJjC0kzbNePLwzxq8iypo41qeWA==

brace-expansion@^2.0.1:
  version "2.0.1"
  resolved "https://registry.yarnpkg.com/brace-expansion/-/brace-expansion-2.0.1.tgz#1edc459e0f0c548486ecf9fc99f2221364b9a0ae"
  integrity sha512-XnAIvQ8eM+kC6aULx6wuQiwVsnzsi9d3WxzV3FpWTGA19F621kwdbsAcFKXgKUHZWsy+mY6iL1sHTxWEFCytDA==
  dependencies:
    balanced-match "^1.0.0"

colors@^1.4.0:
  version "1.4.0"
  resolved "https://registry.yarnpkg.com/colors/-/colors-1.4.0.tgz#c50491479d4c1bdaed2c9ced32cf7c7dc2360f78"
  integrity sha512-a+UqTh4kgZg/SlGvfbzDHpgRu7AAQOmmqRHJnxhRZICKFUT91brVhNNt58CMWU9PsBbv3PDCZUHbVxuDiH2mtA==

create-require@^1.1.0:
  version "1.1.1"
  resolved "https://registry.yarnpkg.com/create-require/-/create-require-1.1.1.tgz#c1d7e8f1e5f6cfc9ff65f9cd352d37348756c333"
  integrity sha512-dcKFX3jn0MpIaXjisoRvexIJVEKzaq7z2rZKxf+MSr9TkdmHmsU4m2lcLojrj/FHl8mk5VxMmYA+ftRkP/3oKQ==

diff@^4.0.1:
  version "4.0.2"
  resolved "https://registry.yarnpkg.com/diff/-/diff-4.0.2.tgz#60f3aecb89d5fae520c11aa19efc2bb982aade7d"
  integrity sha512-58lmxKSA4BNyLz+HHMUzlOEpg09FV+ev6ZMe3vJihgdxzgcwZ8VoEEPmALCZG9LmqfVoNMMKpttIYTVG6uDY7A==

esbuild-android-64@0.15.12:
  version "0.15.12"
  resolved "https://registry.yarnpkg.com/esbuild-android-64/-/esbuild-android-64-0.15.12.tgz#5e8151d5f0a748c71a7fbea8cee844ccf008e6fc"
  integrity sha512-MJKXwvPY9g0rGps0+U65HlTsM1wUs9lbjt5CU19RESqycGFDRijMDQsh68MtbzkqWSRdEtiKS1mtPzKneaAI0Q==

esbuild-android-arm64@0.15.12:
  version "0.15.12"
  resolved "https://registry.yarnpkg.com/esbuild-android-arm64/-/esbuild-android-arm64-0.15.12.tgz#5ee72a6baa444bc96ffcb472a3ba4aba2cc80666"
  integrity sha512-Hc9SEcZbIMhhLcvhr1DH+lrrec9SFTiRzfJ7EGSBZiiw994gfkVV6vG0sLWqQQ6DD7V4+OggB+Hn0IRUdDUqvA==

esbuild-darwin-64@0.15.12:
  version "0.15.12"
  resolved "https://registry.yarnpkg.com/esbuild-darwin-64/-/esbuild-darwin-64-0.15.12.tgz#70047007e093fa1b3ba7ef86f9b3fa63db51fe25"
  integrity sha512-qkmqrTVYPFiePt5qFjP8w/S+GIUMbt6k8qmiPraECUWfPptaPJUGkCKrWEfYFRWB7bY23FV95rhvPyh/KARP8Q==

esbuild-darwin-arm64@0.15.12:
  version "0.15.12"
  resolved "https://registry.yarnpkg.com/esbuild-darwin-arm64/-/esbuild-darwin-arm64-0.15.12.tgz#41c951f23d9a70539bcca552bae6e5196696ae04"
  integrity sha512-z4zPX02tQ41kcXMyN3c/GfZpIjKoI/BzHrdKUwhC/Ki5BAhWv59A9M8H+iqaRbwpzYrYidTybBwiZAIWCLJAkw==

esbuild-freebsd-64@0.15.12:
  version "0.15.12"
  resolved "https://registry.yarnpkg.com/esbuild-freebsd-64/-/esbuild-freebsd-64-0.15.12.tgz#a761b5afd12bbedb7d56c612e9cfa4d2711f33f0"
  integrity sha512-XFL7gKMCKXLDiAiBjhLG0XECliXaRLTZh6hsyzqUqPUf/PY4C6EJDTKIeqqPKXaVJ8+fzNek88285krSz1QECw==

esbuild-freebsd-arm64@0.15.12:
  version "0.15.12"
  resolved "https://registry.yarnpkg.com/esbuild-freebsd-arm64/-/esbuild-freebsd-arm64-0.15.12.tgz#6b0839d4d58deabc6cbd96276eb8cbf94f7f335e"
  integrity sha512-jwEIu5UCUk6TjiG1X+KQnCGISI+ILnXzIzt9yDVrhjug2fkYzlLbl0K43q96Q3KB66v6N1UFF0r5Ks4Xo7i72g==

esbuild-linux-32@0.15.12:
  version "0.15.12"
  resolved "https://registry.yarnpkg.com/esbuild-linux-32/-/esbuild-linux-32-0.15.12.tgz#bd50bfe22514d434d97d5150977496e2631345b4"
  integrity sha512-uSQuSEyF1kVzGzuIr4XM+v7TPKxHjBnLcwv2yPyCz8riV8VUCnO/C4BF3w5dHiVpCd5Z1cebBtZJNlC4anWpwA==

esbuild-linux-64@0.15.12:
  version "0.15.12"
  resolved "https://registry.yarnpkg.com/esbuild-linux-64/-/esbuild-linux-64-0.15.12.tgz#074bb2b194bf658245f8490f29c01ffcdfa8c931"
  integrity sha512-QcgCKb7zfJxqT9o5z9ZUeGH1k8N6iX1Y7VNsEi5F9+HzN1OIx7ESxtQXDN9jbeUSPiRH1n9cw6gFT3H4qbdvcA==

esbuild-linux-arm64@0.15.12:
  version "0.15.12"
  resolved "https://registry.yarnpkg.com/esbuild-linux-arm64/-/esbuild-linux-arm64-0.15.12.tgz#3bf789c4396dc032875a122988efd6f3733f28f5"
  integrity sha512-HtNq5xm8fUpZKwWKS2/YGwSfTF+339L4aIA8yphNKYJckd5hVdhfdl6GM2P3HwLSCORS++++7++//ApEwXEuAQ==

esbuild-linux-arm@0.15.12:
  version "0.15.12"
  resolved "https://registry.yarnpkg.com/esbuild-linux-arm/-/esbuild-linux-arm-0.15.12.tgz#b91b5a8d470053f6c2c9c8a5e67ec10a71fe4a67"
  integrity sha512-Wf7T0aNylGcLu7hBnzMvsTfEXdEdJY/hY3u36Vla21aY66xR0MS5I1Hw8nVquXjTN0A6fk/vnr32tkC/C2lb0A==

esbuild-linux-mips64le@0.15.12:
  version "0.15.12"
  resolved "https://registry.yarnpkg.com/esbuild-linux-mips64le/-/esbuild-linux-mips64le-0.15.12.tgz#2fb54099ada3c950a7536dfcba46172c61e580e2"
  integrity sha512-Qol3+AvivngUZkTVFgLpb0H6DT+N5/zM3V1YgTkryPYFeUvuT5JFNDR3ZiS6LxhyF8EE+fiNtzwlPqMDqVcc6A==

esbuild-linux-ppc64le@0.15.12:
  version "0.15.12"
  resolved "https://registry.yarnpkg.com/esbuild-linux-ppc64le/-/esbuild-linux-ppc64le-0.15.12.tgz#9e3b8c09825fb27886249dfb3142a750df29a1b7"
  integrity sha512-4D8qUCo+CFKaR0cGXtGyVsOI7w7k93Qxb3KFXWr75An0DHamYzq8lt7TNZKoOq/Gh8c40/aKaxvcZnTgQ0TJNg==

esbuild-linux-riscv64@0.15.12:
  version "0.15.12"
  resolved "https://registry.yarnpkg.com/esbuild-linux-riscv64/-/esbuild-linux-riscv64-0.15.12.tgz#923d0f5b6e12ee0d1fe116b08e4ae4478fe40693"
  integrity sha512-G9w6NcuuCI6TUUxe6ka0enjZHDnSVK8bO+1qDhMOCtl7Tr78CcZilJj8SGLN00zO5iIlwNRZKHjdMpfFgNn1VA==

esbuild-linux-s390x@0.15.12:
  version "0.15.12"
  resolved "https://registry.yarnpkg.com/esbuild-linux-s390x/-/esbuild-linux-s390x-0.15.12.tgz#3b1620220482b96266a0c6d9d471d451a1eab86f"
  integrity sha512-Lt6BDnuXbXeqSlVuuUM5z18GkJAZf3ERskGZbAWjrQoi9xbEIsj/hEzVnSAFLtkfLuy2DE4RwTcX02tZFunXww==

esbuild-netbsd-64@0.15.12:
  version "0.15.12"
  resolved "https://registry.yarnpkg.com/esbuild-netbsd-64/-/esbuild-netbsd-64-0.15.12.tgz#276730f80da646859b1af5a740e7802d8cd73e42"
  integrity sha512-jlUxCiHO1dsqoURZDQts+HK100o0hXfi4t54MNRMCAqKGAV33JCVvMplLAa2FwviSojT/5ZG5HUfG3gstwAG8w==

esbuild-openbsd-64@0.15.12:
  version "0.15.12"
  resolved "https://registry.yarnpkg.com/esbuild-openbsd-64/-/esbuild-openbsd-64-0.15.12.tgz#bd0eea1dd2ca0722ed489d88c26714034429f8ae"
  integrity sha512-1o1uAfRTMIWNOmpf8v7iudND0L6zRBYSH45sofCZywrcf7NcZA+c7aFsS1YryU+yN7aRppTqdUK1PgbZVaB1Dw==

esbuild-sunos-64@0.15.12:
  version "0.15.12"
  resolved "https://registry.yarnpkg.com/esbuild-sunos-64/-/esbuild-sunos-64-0.15.12.tgz#5e56bf9eef3b2d92360d6d29dcde7722acbecc9e"
  integrity sha512-nkl251DpoWoBO9Eq9aFdoIt2yYmp4I3kvQjba3jFKlMXuqQ9A4q+JaqdkCouG3DHgAGnzshzaGu6xofGcXyPXg==

esbuild-windows-32@0.15.12:
  version "0.15.12"
  resolved "https://registry.yarnpkg.com/esbuild-windows-32/-/esbuild-windows-32-0.15.12.tgz#a4f1a301c1a2fa7701fcd4b91ef9d2620cf293d0"
  integrity sha512-WlGeBZHgPC00O08luIp5B2SP4cNCp/PcS+3Pcg31kdcJPopHxLkdCXtadLU9J82LCfw4TVls21A6lilQ9mzHrw==

esbuild-windows-64@0.15.12:
  version "0.15.12"
  resolved "https://registry.yarnpkg.com/esbuild-windows-64/-/esbuild-windows-64-0.15.12.tgz#bc2b467541744d653be4fe64eaa9b0dbbf8e07f6"
  integrity sha512-VActO3WnWZSN//xjSfbiGOSyC+wkZtI8I4KlgrTo5oHJM6z3MZZBCuFaZHd8hzf/W9KPhF0lY8OqlmWC9HO5AA==

esbuild-windows-arm64@0.15.12:
  version "0.15.12"
  resolved "https://registry.yarnpkg.com/esbuild-windows-arm64/-/esbuild-windows-arm64-0.15.12.tgz#9a7266404334a86be800957eaee9aef94c3df328"
  integrity sha512-Of3MIacva1OK/m4zCNIvBfz8VVROBmQT+gRX6pFTLPngFYcj6TFH/12VveAqq1k9VB2l28EoVMNMUCcmsfwyuA==

esbuild@^0.15.0:
  version "0.15.12"
  resolved "https://registry.yarnpkg.com/esbuild/-/esbuild-0.15.12.tgz#6c8e22d6d3b7430d165c33848298d3fc9a1f251c"
  integrity sha512-PcT+/wyDqJQsRVhaE9uX/Oq4XLrFh0ce/bs2TJh4CSaw9xuvI+xFrH2nAYOADbhQjUgAhNWC5LKoUsakm4dxng==
  optionalDependencies:
    "@esbuild/android-arm" "0.15.12"
    "@esbuild/linux-loong64" "0.15.12"
    esbuild-android-64 "0.15.12"
    esbuild-android-arm64 "0.15.12"
    esbuild-darwin-64 "0.15.12"
    esbuild-darwin-arm64 "0.15.12"
    esbuild-freebsd-64 "0.15.12"
    esbuild-freebsd-arm64 "0.15.12"
    esbuild-linux-32 "0.15.12"
    esbuild-linux-64 "0.15.12"
    esbuild-linux-arm "0.15.12"
    esbuild-linux-arm64 "0.15.12"
    esbuild-linux-mips64le "0.15.12"
    esbuild-linux-ppc64le "0.15.12"
    esbuild-linux-riscv64 "0.15.12"
    esbuild-linux-s390x "0.15.12"
    esbuild-netbsd-64 "0.15.12"
    esbuild-openbsd-64 "0.15.12"
    esbuild-sunos-64 "0.15.12"
    esbuild-windows-32 "0.15.12"
    esbuild-windows-64 "0.15.12"
    esbuild-windows-arm64 "0.15.12"

fs.realpath@^1.0.0:
  version "1.0.0"
  resolved "https://registry.yarnpkg.com/fs.realpath/-/fs.realpath-1.0.0.tgz#1504ad2523158caa40db4a2787cb01411994ea4f"
  integrity sha512-OO0pH2lK6a0hZnAdau5ItzHPI6pUlvI7jMVnxUQRtw4owF2wk8lOSabtGDCTP4Ggrg2MbGnWO9X8K1t4+fGMDw==

glob@^8.0.3:
  version "8.0.3"
  resolved "https://registry.yarnpkg.com/glob/-/glob-8.0.3.tgz#415c6eb2deed9e502c68fa44a272e6da6eeca42e"
  integrity sha512-ull455NHSHI/Y1FqGaaYFaLGkNMMJbavMrEGFXG/PGrg6y7sutWHUHrz6gy6WEBH6akM1M414dWKCNs+IhKdiQ==
  dependencies:
    fs.realpath "^1.0.0"
    inflight "^1.0.4"
    inherits "2"
    minimatch "^5.0.1"
    once "^1.3.0"

inflight@^1.0.4:
  version "1.0.6"
  resolved "https://registry.yarnpkg.com/inflight/-/inflight-1.0.6.tgz#49bd6331d7d02d0c09bc910a1075ba8165b56df9"
  integrity sha512-k92I/b08q4wvFscXCLvqfsHCrjrF7yiXsQuIVvVE7N82W3+aqpzuUdBbfhWcy/FZR3/4IgflMgKLOsvPDrGCJA==
  dependencies:
    once "^1.3.0"
    wrappy "1"

inherits@2:
  version "2.0.4"
  resolved "https://registry.yarnpkg.com/inherits/-/inherits-2.0.4.tgz#0fa2c64f932917c3433a0ded55363aae37416b7c"
  integrity sha512-k/vGaX4/Yla3WzyMCvTQOXYeIHvqOKtnqBduzTHpzpQZzAskKMhZ2K+EnBiSM9zGSoIFeMpXKxa4dYeZIQqewQ==

make-error@^1.1.1:
  version "1.3.6"
  resolved "https://registry.yarnpkg.com/make-error/-/make-error-1.3.6.tgz#2eb2e37ea9b67c4891f684a1394799af484cf7a2"
  integrity sha512-s8UhlNe7vPKomQhC1qFelMokr/Sc3AgNbso3n74mVPA5LTZwkB9NlXf4XPamLxJE8h0gh73rM94xvwRT2CVInw==

minimatch@^5.0.1:
  version "5.1.0"
  resolved "https://registry.yarnpkg.com/minimatch/-/minimatch-5.1.0.tgz#1717b464f4971b144f6aabe8f2d0b8e4511e09c7"
  integrity sha512-9TPBGGak4nHfGZsPBohm9AWg6NoT7QTCehS3BIJABslyZbzxfV78QM2Y6+i741OPZIafFAaiiEMh5OyIrJPgtg==
  dependencies:
    brace-expansion "^2.0.1"

mustache@^4.2.0:
  version "4.2.0"
  resolved "https://registry.yarnpkg.com/mustache/-/mustache-4.2.0.tgz#e5892324d60a12ec9c2a73359edca52972bf6f64"
  integrity sha512-71ippSywq5Yb7/tVYyGbkBggbU8H3u5Rz56fH60jGFgr8uHwxs+aSKeqmluIVzM0m0kB7xQjKS6qPfd0b2ZoqQ==

once@^1.3.0:
  version "1.4.0"
  resolved "https://registry.yarnpkg.com/once/-/once-1.4.0.tgz#583b1aa775961d4b113ac17d9c50baef9dd76bd1"
  integrity sha512-lNaJgI+2Q5URQBkccEKHTQOPaXdUxnZZElQTZY0MFUAuaEqe1E+Nyvgdz/aIyNi6Z9MzO5dv1H8n58/GELp3+w==
  dependencies:
    wrappy "1"

plist@^3.0.6:
  version "3.0.6"
  resolved "https://registry.yarnpkg.com/plist/-/plist-3.0.6.tgz#7cfb68a856a7834bca6dbfe3218eb9c7740145d3"
  integrity sha512-WiIVYyrp8TD4w8yCvyeIr+lkmrGRd5u0VbRnU+tP/aRLxP/YadJUYOMZJ/6hIa3oUyVCsycXvtNRgd5XBJIbiA==
  dependencies:
    base64-js "^1.5.1"
    xmlbuilder "^15.1.1"

sax@^1.2.4:
  version "1.2.4"
  resolved "https://registry.yarnpkg.com/sax/-/sax-1.2.4.tgz#2816234e2378bddc4e5354fab5caa895df7100d9"
  integrity sha512-NqVDv9TpANUjFm0N8uM5GxL36UgKi9/atZw+x7YFnQ8ckwFGKrl4xX4yWtrey3UJm5nP1kUbnYgLopqWNSRhWw==

ts-node@^10.9.1:
  version "10.9.1"
  resolved "https://registry.yarnpkg.com/ts-node/-/ts-node-10.9.1.tgz#e73de9102958af9e1f0b168a6ff320e25adcff4b"
  integrity sha512-NtVysVPkxxrwFGUUxGYhfux8k78pQB3JqYBXlLRZgdGUqTO5wU/UyHop5p70iEbGhB7q5KmiZiU0Y3KlJrScEw==
  dependencies:
    "@cspotcode/source-map-support" "^0.8.0"
    "@tsconfig/node10" "^1.0.7"
    "@tsconfig/node12" "^1.0.7"
    "@tsconfig/node14" "^1.0.0"
    "@tsconfig/node16" "^1.0.2"
    acorn "^8.4.1"
    acorn-walk "^8.1.1"
    arg "^4.1.0"
    create-require "^1.1.0"
    diff "^4.0.1"
    make-error "^1.1.1"
    v8-compile-cache-lib "^3.0.1"
    yn "3.1.1"

typescript@^4.8.4:
  version "4.8.4"
  resolved "https://registry.yarnpkg.com/typescript/-/typescript-4.8.4.tgz#c464abca159669597be5f96b8943500b238e60e6"
  integrity sha512-QCh+85mCy+h0IGff8r5XWzOVSbBO+KfeYrMQh7NJ58QujwcE22u+NUSmUxqF+un70P9GXKxa2HCNiTTMJknyjQ==

v8-compile-cache-lib@^3.0.1:
  version "3.0.1"
  resolved "https://registry.yarnpkg.com/v8-compile-cache-lib/-/v8-compile-cache-lib-3.0.1.tgz#6336e8d71965cb3d35a1bbb7868445a7c05264bf"
  integrity sha512-wa7YjyUGfNZngI/vtK0UHAN+lgDCxBPCylVXGp0zu59Fz5aiGtNXaq3DhIov063MorB+VfufLh3JlF2KdTK3xg==

wrappy@1:
  version "1.0.2"
  resolved "https://registry.yarnpkg.com/wrappy/-/wrappy-1.0.2.tgz#b5243d8f3ec1aa35f1364605bc0d1036e30ab69f"
  integrity sha512-l4Sp/DRseor9wL6EvV2+TuQn63dMkPjZ/sp9XkghTEbV9KlPS1xUsZ3u7/IQO4wxtcFB4bgpQPRcR3QCvezPcQ==

xmlbuilder@>=11.0.1, xmlbuilder@^15.1.1:
  version "15.1.1"
  resolved "https://registry.yarnpkg.com/xmlbuilder/-/xmlbuilder-15.1.1.tgz#9dcdce49eea66d8d10b42cae94a79c3c8d0c2ec5"
  integrity sha512-yMqGBqtXyeN1e3TGYvgNgDVZ3j84W4cwkOXQswghol6APgZWaff9lnbvN7MHYJOiXsvGPXtjTYJEiC9J2wv9Eg==

xmldoc@^1.2.0:
  version "1.2.0"
  resolved "https://registry.yarnpkg.com/xmldoc/-/xmldoc-1.2.0.tgz#7554371bfd8c138287cff01841ae4566d26e5541"
  integrity sha512-2eN8QhjBsMW2uVj7JHLHkMytpvGHLHxKXBy4J3fAT/HujsEtM6yU84iGjpESYGHg6XwK0Vu4l+KgqQ2dv2cCqg==
  dependencies:
    sax "^1.2.4"

yn@3.1.1:
  version "3.1.1"
  resolved "https://registry.yarnpkg.com/yn/-/yn-3.1.1.tgz#1e87401a09d767c1d5eab26a6e4c185182d2eb50"
  integrity sha512-Ux4ygGWsu2c7isFWe8Yu1YluJmqVhxqK2cLXNQA5AcC3QfbGNpM7fu0Y8b/z16pXLnFxZYvWhd3fhBY9DLmC6Q==
