# THIS IS AN AUTOGENERATED FILE. DO NOT EDIT THIS FILE DIRECTLY.
# yarn lockfile v1


"@ekx/cairo@0.0.4":
  version "0.0.4"
  resolved "https://registry.yarnpkg.com/@ekx/cairo/-/cairo-0.0.4.tgz#e37a180a167d078169d474df1203a5fc732aeb33"
  integrity sha512-kElXZFhcACUEd/eMA5kAwBQNVitSK2QoeH95tENypjRhT1ORzHeepwogj+wRWSrGwha7g8ZrOTSchMfX90kFcQ==

"@ekx/dev-fonts@0.0.3":
  version "0.0.3"
  resolved "https://registry.yarnpkg.com/@ekx/dev-fonts/-/dev-fonts-0.0.3.tgz#22771f055ef0b39b0c327bd956008a3226125de2"
  integrity sha512-5nX/9TzE6Xc5QvRJerB1jYAdppU5fYpdXvZbXOwnmcgVBP4eQqghkWunu3qbktTL4VzaTVvD4dzo862p3ut5wg==

"@ekx/freetype@0.0.4":
  version "0.0.4"
  resolved "https://registry.yarnpkg.com/@ekx/freetype/-/freetype-0.0.4.tgz#d7b576376fd191c30525937222f0ff6c9c4c3770"
  integrity sha512-QiR06g+7f5rE4+prup5Ad19Ytd6rI1vku0T3z1xaHeUfMtvZq1YzpV2Xu40shb3heWZ2hKX+h1J2T08/xUZspg==

"@ekx/google-benchmark@0.0.3":
  version "0.0.3"
  resolved "https://registry.yarnpkg.com/@ekx/google-benchmark/-/google-benchmark-0.0.3.tgz#b24c682c1c0492be5430b64728c03c9f08ee345c"
  integrity sha512-jmfjRek2MGLf4sHFEfTZhYAvJUkFx5twJFsVTlsZvxuEUMyFZQrE0kX+ehJhSB+Q25TVp9dGWt33NOXROWaAzw==

"@ekx/google-test@0.0.4":
  version "0.0.4"
  resolved "https://registry.yarnpkg.com/@ekx/google-test/-/google-test-0.0.4.tgz#702fcb9af849b5ce26bb635c363c43fd535b8162"
  integrity sha512-ndkbDRS1JyDNzB0YBQZw2t3aQlGJVSb+70c+XgDEA5xVF/pl2xbyuE5FichQbpIzNafBQx5qC24gfYxQLYBLWQ==

"@ekx/imgui@0.0.5":
  version "0.0.5"
  resolved "https://registry.yarnpkg.com/@ekx/imgui/-/imgui-0.0.5.tgz#4f441a5e36a64f4bc8a2b74c6d9ad78233f96bd3"
  integrity sha512-xs3cafmBqXwe0gUJeozvs32X7tjID2uy1SBoEDRF5aqBOdxkFtUPi3DXry5qC2aVAzJXua7F6KpH7BJlS0KGBw==
  dependencies:
    "@ekx/freetype" "0.0.4"
    "@ekx/stb" "0.0.3"
    npm-cmake "0.0.3"

"@ekx/miniaudio@0.0.3":
  version "0.0.3"
  resolved "https://registry.yarnpkg.com/@ekx/miniaudio/-/miniaudio-0.0.3.tgz#5aa5f5670e9efd558d27327b10e11c1c029cc0f4"
  integrity sha512-zUZv2pzW4L37eHdEqI2eXV+w8RMo/HGLcWE0TTFKeNyeEZfsDxZxzylFk84U8wKKjaWv76gpTnvLD39qHH0LvQ==

"@ekx/miniz@0.0.3":
  version "0.0.3"
  resolved "https://registry.yarnpkg.com/@ekx/miniz/-/miniz-0.0.3.tgz#591905d8d63d5c278c47b24e79ac0da318222770"
  integrity sha512-Aa+3wO6oQYAgUDB8OMNGO5i3EUp2sKsps3T0QxU32yPJhRzWys809x9pkKeolqJJhc19RBPnRFmp2zSoDFV4pg==

"@ekx/pugixml@0.0.3":
  version "0.0.3"
  resolved "https://registry.yarnpkg.com/@ekx/pugixml/-/pugixml-0.0.3.tgz#e2c5e287e514d61817bd243f76c5e9b905b7691a"
  integrity sha512-WdAN7BctKRjXq+ThGHLC69dSYcTsBD7sfjZaYpCWHW/EtrdzfVawNvwruHm/Vu71+FkMzD6Mj3P78Igwez5h2A==

"@ekx/sokol-shdc@0.0.1":
  version "0.0.1"
  resolved "https://registry.yarnpkg.com/@ekx/sokol-shdc/-/sokol-shdc-0.0.1.tgz#70e8c0d1b2994ea22d8caf86436f811141fb232d"
  integrity sha512-kUAIMz3v1M/uKfHp1SVsVW6LZXnffZdD5Mf1DEvOuf81tbLZ57eNABK4JC0krpEdHq26JdEF34eDUp1Ind4fxA==

"@ekx/sokol@0.0.3":
  version "0.0.3"
  resolved "https://registry.yarnpkg.com/@ekx/sokol/-/sokol-0.0.3.tgz#824f4abce496fc5ac9fc2594399900b5b73e7186"
  integrity sha512-kB7bxZUsRRsRLVEriTDSp7LysorI1LXFX0W4Lhuta27460YBhn+JDaHcewAg0QSDV7ANvko6z83jNAyU+Ya4zA==

"@ekx/stb@0.0.3":
  version "0.0.3"
  resolved "https://registry.yarnpkg.com/@ekx/stb/-/stb-0.0.3.tgz#a50b44dcf1e7470be64a2ea8a6e7b52f87acec63"
  integrity sha512-OoKeayn59TsZKzAAdXVn1lSVOU0GOOWKXY+X63fZjtlV3qiu5kEcnMDulBjaYTd2Sf98P5iLrzre24YJoZ9OLQ==

"@ekx/tracy@0.0.5":
  version "0.0.5"
  resolved "https://registry.yarnpkg.com/@ekx/tracy/-/tracy-0.0.5.tgz#118d0dd0d25dc1b9e64195d73162034d78e727a2"
  integrity sha512-Jl8bmnB77PoC3TsxTDAXlJFfwYB06ak5gheFlCttI94rcBJnqqgbHryeEUyEyXpnX4zjgVdUBo9/TtjxYN4RYQ==

npm-cmake@0.0.2:
  version "0.0.2"
  resolved "https://registry.yarnpkg.com/npm-cmake/-/npm-cmake-0.0.2.tgz#0bb2ff094248cd4caf4a198ec50bc72f0d907d54"
  integrity sha512-mwZM18J0+9pfH5yD1xaQhq1FDtotZDCNSangOpKqj3p9/ewbpr5XUTOpmT3Vnh8OZCypQlIVJGyfjckPaFq76A==

npm-cmake@0.0.3:
  version "0.0.3"
  resolved "https://registry.yarnpkg.com/npm-cmake/-/npm-cmake-0.0.3.tgz#5799ccde7772af9ac60e9478ef845b6aa6d89940"
  integrity sha512-CzhjPoq8YAfIhjN/ZcNssDOqYaQZeCb28zi+9GDeTBeZhBVMrR5Onyk1gjk9drXI0l+k5tfsf/dO80oodjy7vQ==
